
Microsoft Visual Studio Solution File, Format Version 12.00
# Visual Studio 15
VisualStudioVersion = 15.0.26124.0
MinimumVisualStudioVersion = 15.0.26124.0
Project("{FAE04EC0-301F-11D3-BF4B-00C04F79EFBC}") = "Consumer.v1", "Consumer.v1\Consumer.v1.csproj", "{5EEAE7E9-1862-4BB6-8070-1275A6A26C99}"
EndProject
Project("{FAE04EC0-301F-11D3-BF4B-00C04F79EFBC}") = "Producer", "Producer\Producer.csproj", "{34FA19AF-6E2B-4B68-AF66-B7974771439C}"
EndProject
Project("{FAE04EC0-301F-11D3-BF4B-00C04F79EFBC}") = "ProtoLibrary", "ProtoLibrary\ProtoLibrary.csproj", "{6F1AF9C7-86F7-419D-80A3-A4325E45D889}"
EndProject
Global
	GlobalSection(SolutionConfigurationPlatforms) = preSolution
		Debug|Any CPU = Debug|Any CPU
		Debug|x64 = Debug|x64
		Debug|x86 = Debug|x86
		Release|Any CPU = Release|Any CPU
		Release|x64 = Release|x64
		Release|x86 = Release|x86
	EndGlobalSection
	GlobalSection(SolutionProperties) = preSolution
		HideSolutionNode = FALSE
	EndGlobalSection
	GlobalSection(ProjectConfigurationPlatforms) = postSolution
		{5EEAE7E9-1862-4BB6-8070-1275A6A26C99}.Debug|Any CPU.ActiveCfg = Debug|Any CPU
		{5EEAE7E9-1862-4BB6-8070-1275A6A26C99}.Debug|Any CPU.Build.0 = Debug|Any CPU
		{5EEAE7E9-1862-4BB6-8070-1275A6A26C99}.Debug|x64.ActiveCfg = Debug|Any CPU
		{5EEAE7E9-1862-4BB6-8070-1275A6A26C99}.Debug|x64.Build.0 = Debug|Any CPU
		{5EEAE7E9-1862-4BB6-8070-1275A6A26C99}.Debug|x86.ActiveCfg = Debug|Any CPU
		{5EEAE7E9-1862-4BB6-8070-1275A6A26C99}.Debug|x86.Build.0 = Debug|Any CPU
		{5EEAE7E9-1862-4BB6-8070-1275A6A26C99}.Release|Any CPU.ActiveCfg = Release|Any CPU
		{5EEAE7E9-1862-4BB6-8070-1275A6A26C99}.Release|Any CPU.Build.0 = Release|Any CPU
		{5EEAE7E9-1862-4BB6-8070-1275A6A26C99}.Release|x64.ActiveCfg = Release|Any CPU
		{5EEAE7E9-1862-4BB6-8070-1275A6A26C99}.Release|x64.Build.0 = Release|Any CPU
		{5EEAE7E9-1862-4BB6-8070-1275A6A26C99}.Release|x86.ActiveCfg = Release|Any CPU
		{5EEAE7E9-1862-4BB6-8070-1275A6A26C99}.Release|x86.Build.0 = Release|Any CPU
		{34FA19AF-6E2B-4B68-AF66-B7974771439C}.Debug|Any CPU.ActiveCfg = Debug|Any CPU
		{34FA19AF-6E2B-4B68-AF66-B7974771439C}.Debug|Any CPU.Build.0 = Debug|Any CPU
		{34FA19AF-6E2B-4B68-AF66-B7974771439C}.Debug|x64.ActiveCfg = Debug|Any CPU
		{34FA19AF-6E2B-4B68-AF66-B7974771439C}.Debug|x64.Build.0 = Debug|Any CPU
		{34FA19AF-6E2B-4B68-AF66-B7974771439C}.Debug|x86.ActiveCfg = Debug|Any CPU
		{34FA19AF-6E2B-4B68-AF66-B7974771439C}.Debug|x86.Build.0 = Debug|Any CPU
		{34FA19AF-6E2B-4B68-AF66-B7974771439C}.Release|Any CPU.ActiveCfg = Release|Any CPU
		{34FA19AF-6E2B-4B68-AF66-B7974771439C}.Release|Any CPU.Build.0 = Release|Any CPU
		{34FA19AF-6E2B-4B68-AF66-B7974771439C}.Release|x64.ActiveCfg = Release|Any CPU
		{34FA19AF-6E2B-4B68-AF66-B7974771439C}.Release|x64.Build.0 = Release|Any CPU
		{34FA19AF-6E2B-4B68-AF66-B7974771439C}.Release|x86.ActiveCfg = Release|Any CPU
		{34FA19AF-6E2B-4B68-AF66-B7974771439C}.Release|x86.Build.0 = Release|Any CPU
		{6F1AF9C7-86F7-419D-80A3-A4325E45D889}.Debug|Any CPU.ActiveCfg = Debug|Any CPU
		{6F1AF9C7-86F7-419D-80A3-A4325E45D889}.Debug|Any CPU.Build.0 = Debug|Any CPU
		{6F1AF9C7-86F7-419D-80A3-A4325E45D889}.Debug|x64.ActiveCfg = Debug|Any CPU
		{6F1AF9C7-86F7-419D-80A3-A4325E45D889}.Debug|x64.Build.0 = Debug|Any CPU
		{6F1AF9C7-86F7-419D-80A3-A4325E45D889}.Debug|x86.ActiveCfg = Debug|Any CPU
		{6F1AF9C7-86F7-419D-80A3-A4325E45D889}.Debug|x86.Build.0 = Debug|Any CPU
		{6F1AF9C7-86F7-419D-80A3-A4325E45D889}.Release|Any CPU.ActiveCfg = Release|Any CPU
		{6F1AF9C7-86F7-419D-80A3-A4325E45D889}.Release|Any CPU.Build.0 = Release|Any CPU
		{6F1AF9C7-86F7-419D-80A3-A4325E45D889}.Release|x64.ActiveCfg = Release|Any CPU
		{6F1AF9C7-86F7-419D-80A3-A4325E45D889}.Release|x64.Build.0 = Release|Any CPU
		{6F1AF9C7-86F7-419D-80A3-A4325E45D889}.Release|x86.ActiveCfg = Release|Any CPU
		{6F1AF9C7-86F7-419D-80A3-A4325E45D889}.Release|x86.Build.0 = Release|Any CPU
	EndGlobalSection
EndGlobal
